// !$*UTF8*$!
{
	archiveVersion = 1;
	classes = {
	};
	objectVersion = 56;
	objects = {

/* Begin PBXBuildFile section */
		14AF87E42B2C1E8700A7F61F /* AppDelegate.swift in Sources */ = {isa = PBXBuildFile; fileRef = 14AF87E32B2C1E8700A7F61F /* AppDelegate.swift */; };
		14AF87E62B2C1E8700A7F61F /* SceneDelegate.swift in Sources */ = {isa = PBXBuildFile; fileRef = 14AF87E52B2C1E8700A7F61F /* SceneDelegate.swift */; };
		14AF87E82B2C1E8700A7F61F /* ViewController.swift in Sources */ = {isa = PBXBuildFile; fileRef = 14AF87E72B2C1E8700A7F61F /* ViewController.swift */; };
		14AF87EB2B2C1E8700A7F61F /* Main.storyboard in Resources */ = {isa = PBXBuildFile; fileRef = 14AF87E92B2C1E8700A7F61F /* Main.storyboard */; };
		14AF87ED2B2C1E8800A7F61F /* Assets.xcassets in Resources */ = {isa = PBXBuildFile; fileRef = 14AF87EC2B2C1E8800A7F61F /* Assets.xcassets */; };
		14AF87F02B2C1E8800A7F61F /* LaunchScreen.storyboard in Resources */ = {isa = PBXBuildFile; fileRef = 14AF87EE2B2C1E8800A7F61F /* LaunchScreen.storyboard */; };
		14AF87FB2B2C1E8800A7F61F /* FirstAppTests.swift in Sources */ = {isa = PBXBuildFile; fileRef = 14AF87FA2B2C1E8800A7F61F /* FirstAppTests.swift */; };
		14AF88052B2C1E8800A7F61F /* FirstAppUITests.swift in Sources */ = {isa = PBXBuildFile; fileRef = 14AF88042B2C1E8800A7F61F /* FirstAppUITests.swift */; };
		14AF88072B2C1E8800A7F61F /* FirstAppUITestsLaunchTests.swift in Sources */ = {isa = PBXBuildFile; fileRef = 14AF88062B2C1E8800A7F61F /* FirstAppUITestsLaunchTests.swift */; };
		14AF88152B2C2D5B00A7F61F /* MainTableViewCell.swift in Sources */ = {isa = PBXBuildFile; fileRef = 14AF88132B2C2D5B00A7F61F /* MainTableViewCell.swift */; };
		14AF88162B2C2D5B00A7F61F /* MainTableViewCell.xib in Resources */ = {isa = PBXBuildFile; fileRef = 14AF88142B2C2D5B00A7F61F /* MainTableViewCell.xib */; };
		14AF88182B2C2E4D00A7F61F /* Network.swift in Sources */ = {isa = PBXBuildFile; fileRef = 14AF88172B2C2E4D00A7F61F /* Network.swift */; };
		14AF881A2B2C38A200A7F61F /* SecondViewViewController.swift in Sources */ = {isa = PBXBuildFile; fileRef = 14AF88192B2C38A200A7F61F /* SecondViewViewController.swift */; };
		14AF881C2B2C38AC00A7F61F /* SecondViewViewController.storyboard in Resources */ = {isa = PBXBuildFile; fileRef = 14AF881B2B2C38AC00A7F61F /* SecondViewViewController.storyboard */; };
		14AF88232B2C3D4700A7F61F /* APIModel.swift in Sources */ = {isa = PBXBuildFile; fileRef = 14AF88222B2C3D4700A7F61F /* APIModel.swift */; };
/* End PBXBuildFile section */

/* Begin PBXContainerItemProxy section */
		14AF87F72B2C1E8800A7F61F /* PBXContainerItemProxy */ = {
			isa = PBXContainerItemProxy;
			containerPortal = 14AF87D82B2C1E8700A7F61F /* Project object */;
			proxyType = 1;
			remoteGlobalIDString = 14AF87DF2B2C1E8700A7F61F;
			remoteInfo = FirstApp;
		};
		14AF88012B2C1E8800A7F61F /* PBXContainerItemProxy */ = {
			isa = PBXContainerItemProxy;
			containerPortal = 14AF87D82B2C1E8700A7F61F /* Project object */;
			proxyType = 1;
			remoteGlobalIDString = 14AF87DF2B2C1E8700A7F61F;
			remoteInfo = FirstApp;
		};
/* End PBXContainerItemProxy section */

/* Begin PBXFileReference section */
		14AF87E02B2C1E8700A7F61F /* FirstApp.app */ = {isa = PBXFileReference; explicitFileType = wrapper.application; includeInIndex = 0; path = FirstApp.app; sourceTree = BUILT_PRODUCTS_DIR; };
		14AF87E32B2C1E8700A7F61F /* AppDelegate.swift */ = {isa = PBXFileReference; lastKnownFileType = sourcecode.swift; path = AppDelegate.swift; sourceTree = "<group>"; };
		14AF87E52B2C1E8700A7F61F /* SceneDelegate.swift */ = {isa = PBXFileReference; lastKnownFileType = sourcecode.swift; path = SceneDelegate.swift; sourceTree = "<group>"; };
		14AF87E72B2C1E8700A7F61F /* ViewController.swift */ = {isa = PBXFileReference; lastKnownFileType = sourcecode.swift; path = ViewController.swift; sourceTree = "<group>"; };
		14AF87EA2B2C1E8700A7F61F /* Base */ = {isa = PBXFileReference; lastKnownFileType = file.storyboard; name = Base; path = Base.lproj/Main.storyboard; sourceTree = "<group>"; };
		14AF87EC2B2C1E8800A7F61F /* Assets.xcassets */ = {isa = PBXFileReference; lastKnownFileType = folder.assetcatalog; path = Assets.xcassets; sourceTree = "<group>"; };
		14AF87EF2B2C1E8800A7F61F /* Base */ = {isa = PBXFileReference; lastKnownFileType = file.storyboard; name = Base; path = Base.lproj/LaunchScreen.storyboard; sourceTree = "<group>"; };
		14AF87F12B2C1E8800A7F61F /* Info.plist */ = {isa = PBXFileReference; lastKnownFileType = text.plist.xml; path = Info.plist; sourceTree = "<group>"; };
		14AF87F62B2C1E8800A7F61F /* FirstAppTests.xctest */ = {isa = PBXFileReference; explicitFileType = wrapper.cfbundle; includeInIndex = 0; path = FirstAppTests.xctest; sourceTree = BUILT_PRODUCTS_DIR; };
		14AF87FA2B2C1E8800A7F61F /* FirstAppTests.swift */ = {isa = PBXFileReference; lastKnownFileType = sourcecode.swift; path = FirstAppTests.swift; sourceTree = "<group>"; };
		14AF88002B2C1E8800A7F61F /* FirstAppUITests.xctest */ = {isa = PBXFileReference; explicitFileType = wrapper.cfbundle; includeInIndex = 0; path = FirstAppUITests.xctest; sourceTree = BUILT_PRODUCTS_DIR; };
		14AF88042B2C1E8800A7F61F /* FirstAppUITests.swift */ = {isa = PBXFileReference; lastKnownFileType = sourcecode.swift; path = FirstAppUITests.swift; sourceTree = "<group>"; };
		14AF88062B2C1E8800A7F61F /* FirstAppUITestsLaunchTests.swift */ = {isa = PBXFileReference; lastKnownFileType = sourcecode.swift; path = FirstAppUITestsLaunchTests.swift; sourceTree = "<group>"; };
		14AF88132B2C2D5B00A7F61F /* MainTableViewCell.swift */ = {isa = PBXFileReference; lastKnownFileType = sourcecode.swift; path = MainTableViewCell.swift; sourceTree = "<group>"; };
		14AF88142B2C2D5B00A7F61F /* MainTableViewCell.xib */ = {isa = PBXFileReference; lastKnownFileType = file.xib; path = MainTableViewCell.xib; sourceTree = "<group>"; };
		14AF88172B2C2E4D00A7F61F /* Network.swift */ = {isa = PBXFileReference; lastKnownFileType = sourcecode.swift; path = Network.swift; sourceTree = "<group>"; };
		14AF88192B2C38A200A7F61F /* SecondViewViewController.swift */ = {isa = PBXFileReference; lastKnownFileType = sourcecode.swift; path = SecondViewViewController.swift; sourceTree = "<group>"; };
		14AF881B2B2C38AC00A7F61F /* SecondViewViewController.storyboard */ = {isa = PBXFileReference; lastKnownFileType = file.storyboard; path = SecondViewViewController.storyboard; sourceTree = "<group>"; };
		14AF88222B2C3D4700A7F61F /* APIModel.swift */ = {isa = PBXFileReference; lastKnownFileType = sourcecode.swift; path = APIModel.swift; sourceTree = "<group>"; };
/* End PBXFileReference section */

/* Begin PBXFrameworksBuildPhase section */
		14AF87DD2B2C1E8700A7F61F /* Frameworks */ = {
			isa = PBXFrameworksBuildPhase;
			buildActionMask = 2147483647;
			files = (
			);
			runOnlyForDeploymentPostprocessing = 0;
		};
		14AF87F32B2C1E8800A7F61F /* Frameworks */ = {
			isa = PBXFrameworksBuildPhase;
			buildActionMask = 2147483647;
			files = (
			);
			runOnlyForDeploymentPostprocessing = 0;
		};
		14AF87FD2B2C1E8800A7F61F /* Frameworks */ = {
			isa = PBXFrameworksBuildPhase;
			buildActionMask = 2147483647;
			files = (
			);
			runOnlyForDeploymentPostprocessing = 0;
		};
/* End PBXFrameworksBuildPhase section */

/* Begin PBXGroup section */
		14AF87D72B2C1E8700A7F61F = {
			isa = PBXGroup;
			children = (
				14AF88222B2C3D4700A7F61F /* APIModel.swift */,
				14AF87E22B2C1E8700A7F61F /* FirstApp */,
				14AF87F92B2C1E8800A7F61F /* FirstAppTests */,
				14AF88032B2C1E8800A7F61F /* FirstAppUITests */,
				14AF87E12B2C1E8700A7F61F /* Products */,
			);
			sourceTree = "<group>";
		};
		14AF87E12B2C1E8700A7F61F /* Products */ = {
			isa = PBXGroup;
			children = (
				14AF87E02B2C1E8700A7F61F /* FirstApp.app */,
				14AF87F62B2C1E8800A7F61F /* FirstAppTests.xctest */,
				14AF88002B2C1E8800A7F61F /* FirstAppUITests.xctest */,
			);
			name = Products;
			sourceTree = "<group>";
		};
		14AF87E22B2C1E8700A7F61F /* FirstApp */ = {
			isa = PBXGroup;
			children = (
				14AF88212B2C3D2700A7F61F /* Controller */,
				14AF881F2B2C3D1800A7F61F /* View */,
				14AF881D2B2C3CF600A7F61F /* Model */,
				14AF87E32B2C1E8700A7F61F /* AppDelegate.swift */,
				14AF87E52B2C1E8700A7F61F /* SceneDelegate.swift */,
				14AF881B2B2C38AC00A7F61F /* SecondViewViewController.storyboard */,
				14AF88172B2C2E4D00A7F61F /* Network.swift */,
				14AF87E92B2C1E8700A7F61F /* Main.storyboard */,
				14AF87EC2B2C1E8800A7F61F /* Assets.xcassets */,
				14AF87EE2B2C1E8800A7F61F /* LaunchScreen.storyboard */,
				14AF87F12B2C1E8800A7F61F /* Info.plist */,
			);
			path = FirstApp;
			sourceTree = "<group>";
		};
		14AF87F92B2C1E8800A7F61F /* FirstAppTests */ = {
			isa = PBXGroup;
			children = (
				14AF87FA2B2C1E8800A7F61F /* FirstAppTests.swift */,
			);
			path = FirstAppTests;
			sourceTree = "<group>";
		};
		14AF88032B2C1E8800A7F61F /* FirstAppUITests */ = {
			isa = PBXGroup;
			children = (
				14AF88042B2C1E8800A7F61F /* FirstAppUITests.swift */,
				14AF88062B2C1E8800A7F61F /* FirstAppUITestsLaunchTests.swift */,
			);
			path = FirstAppUITests;
			sourceTree = "<group>";
		};
		14AF881D2B2C3CF600A7F61F /* Model */ = {
			isa = PBXGroup;
			children = (
			);
			path = Model;
			sourceTree = "<group>";
		};
		14AF881F2B2C3D1800A7F61F /* View */ = {
			isa = PBXGroup;
			children = (
				14AF88132B2C2D5B00A7F61F /* MainTableViewCell.swift */,
				14AF88142B2C2D5B00A7F61F /* MainTableViewCell.xib */,
			);
			path = View;
			sourceTree = "<group>";
		};
		14AF88212B2C3D2700A7F61F /* Controller */ = {
			isa = PBXGroup;
			children = (
				14AF87E72B2C1E8700A7F61F /* ViewController.swift */,
				14AF88192B2C38A200A7F61F /* SecondViewViewController.swift */,
			);
			path = Controller;
			sourceTree = "<group>";
		};
/* End PBXGroup section */

/* Begin PBXNativeTarget section */
		14AF87DF2B2C1E8700A7F61F /* FirstApp */ = {
			isa = PBXNativeTarget;
			buildConfigurationList = 14AF880A2B2C1E8800A7F61F /* Build configuration list for PBXNativeTarget "FirstApp" */;
			buildPhases = (
				14AF87DC2B2C1E8700A7F61F /* Sources */,
				14AF87DD2B2C1E8700A7F61F /* Frameworks */,
				14AF87DE2B2C1E8700A7F61F /* Resources */,
			);
			buildRules = (
			);
			dependencies = (
			);
			name = FirstApp;
			productName = FirstApp;
			productReference = 14AF87E02B2C1E8700A7F61F /* FirstApp.app */;
			productType = "com.apple.product-type.application";
		};
		14AF87F52B2C1E8800A7F61F /* FirstAppTests */ = {
			isa = PBXNativeTarget;
			buildConfigurationList = 14AF880D2B2C1E8800A7F61F /* Build configuration list for PBXNativeTarget "FirstAppTests" */;
			buildPhases = (
				14AF87F22B2C1E8800A7F61F /* Sources */,
				14AF87F32B2C1E8800A7F61F /* Frameworks */,
				14AF87F42B2C1E8800A7F61F /* Resources */,
			);
			buildRules = (
			);
			dependencies = (
				14AF87F82B2C1E8800A7F61F /* PBXTargetDependency */,
			);
			name = FirstAppTests;
			productName = FirstAppTests;
			productReference = 14AF87F62B2C1E8800A7F61F /* FirstAppTests.xctest */;
			productType = "com.apple.product-type.bundle.unit-test";
		};
		14AF87FF2B2C1E8800A7F61F /* FirstAppUITests */ = {
			isa = PBXNativeTarget;
			buildConfigurationList = 14AF88102B2C1E8800A7F61F /* Build configuration list for PBXNativeTarget "FirstAppUITests" */;
			buildPhases = (
				14AF87FC2B2C1E8800A7F61F /* Sources */,
				14AF87FD2B2C1E8800A7F61F /* Frameworks */,
				14AF87FE2B2C1E8800A7F61F /* Resources */,
			);
			buildRules = (
			);
			dependencies = (
				14AF88022B2C1E8800A7F61F /* PBXTargetDependency */,
			);
			name = FirstAppUITests;
			productName = FirstAppUITests;
			productReference = 14AF88002B2C1E8800A7F61F /* FirstAppUITests.xctest */;
			productType = "com.apple.product-type.bundle.ui-testing";
		};
/* End PBXNativeTarget section */

/* Begin PBXProject section */
		14AF87D82B2C1E8700A7F61F /* Project object */ = {
			isa = PBXProject;
			attributes = {
				BuildIndependentTargetsInParallel = 1;
				LastSwiftUpdateCheck = 1510;
				LastUpgradeCheck = 1510;
				TargetAttributes = {
					14AF87DF2B2C1E8700A7F61F = {
						CreatedOnToolsVersion = 15.1;
					};
					14AF87F52B2C1E8800A7F61F = {
						CreatedOnToolsVersion = 15.1;
						TestTargetID = 14AF87DF2B2C1E8700A7F61F;
					};
					14AF87FF2B2C1E8800A7F61F = {
						CreatedOnToolsVersion = 15.1;
						TestTargetID = 14AF87DF2B2C1E8700A7F61F;
					};
				};
			};
			buildConfigurationList = 14AF87DB2B2C1E8700A7F61F /* Build configuration list for PBXProject "FirstApp" */;
			compatibilityVersion = "Xcode 14.0";
			developmentRegion = en;
			hasScannedForEncodings = 0;
			knownRegions = (
				en,
				Base,
			);
			mainGroup = 14AF87D72B2C1E8700A7F61F;
			productRefGroup = 14AF87E12B2C1E8700A7F61F /* Products */;
			projectDirPath = "";
			projectRoot = "";
			targets = (
				14AF87DF2B2C1E8700A7F61F /* FirstApp */,
				14AF87F52B2C1E8800A7F61F /* FirstAppTests */,
				14AF87FF2B2C1E8800A7F61F /* FirstAppUITests */,
			);
		};
/* End PBXProject section */

/* Begin PBXResourcesBuildPhase section */
		14AF87DE2B2C1E8700A7F61F /* Resources */ = {
			isa = PBXResourcesBuildPhase;
			buildActionMask = 2147483647;
			files = (
				14AF87F02B2C1E8800A7F61F /* LaunchScreen.storyboard in Resources */,
				14AF87ED2B2C1E8800A7F61F /* Assets.xcassets in Resources */,
				14AF88162B2C2D5B00A7F61F /* MainTableViewCell.xib in Resources */,
				14AF881C2B2C38AC00A7F61F /* SecondViewViewController.storyboard in Resources */,
				14AF87EB2B2C1E8700A7F61F /* Main.storyboard in Resources */,
			);
			runOnlyForDeploymentPostprocessing = 0;
		};
		14AF87F42B2C1E8800A7F61F /* Resources */ = {
			isa = PBXResourcesBuildPhase;
			buildActionMask = 2147483647;
			files = (
			);
			runOnlyForDeploymentPostprocessing = 0;
		};
		14AF87FE2B2C1E8800A7F61F /* Resources */ = {
			isa = PBXResourcesBuildPhase;
			buildActionMask = 2147483647;
			files = (
			);
			runOnlyForDeploymentPostprocessing = 0;
		};
/* End PBXResourcesBuildPhase section */

/* Begin PBXSourcesBuildPhase section */
		14AF87DC2B2C1E8700A7F61F /* Sources */ = {
			isa = PBXSourcesBuildPhase;
			buildActionMask = 2147483647;
			files = (
				14AF88232B2C3D4700A7F61F /* APIModel.swift in Sources */,
				14AF88182B2C2E4D00A7F61F /* Network.swift in Sources */,
				14AF881A2B2C38A200A7F61F /* SecondViewViewController.swift in Sources */,
				14AF87E82B2C1E8700A7F61F /* ViewController.swift in Sources */,
				14AF87E42B2C1E8700A7F61F /* AppDelegate.swift in Sources */,
				14AF88152B2C2D5B00A7F61F /* MainTableViewCell.swift in Sources */,
				14AF87E62B2C1E8700A7F61F /* SceneDelegate.swift in Sources */,
			);
			runOnlyForDeploymentPostprocessing = 0;
		};
		14AF87F22B2C1E8800A7F61F /* Sources */ = {
			isa = PBXSourcesBuildPhase;
			buildActionMask = 2147483647;
			files = (
				14AF87FB2B2C1E8800A7F61F /* FirstAppTests.swift in Sources */,
			);
			runOnlyForDeploymentPostprocessing = 0;
		};
		14AF87FC2B2C1E8800A7F61F /* Sources */ = {
			isa = PBXSourcesBuildPhase;
			buildActionMask = 2147483647;
			files = (
				14AF88072B2C1E8800A7F61F /* FirstAppUITestsLaunchTests.swift in Sources */,
				14AF88052B2C1E8800A7F61F /* FirstAppUITests.swift in Sources */,
			);
			runOnlyForDeploymentPostprocessing = 0;
		};
/* End PBXSourcesBuildPhase section */

/* Begin PBXTargetDependency section */
		14AF87F82B2C1E8800A7F61F /* PBXTargetDependency */ = {
			isa = PBXTargetDependency;
			target = 14AF87DF2B2C1E8700A7F61F /* FirstApp */;
			targetProxy = 14AF87F72B2C1E8800A7F61F /* PBXContainerItemProxy */;
		};
		14AF88022B2C1E8800A7F61F /* PBXTargetDependency */ = {
			isa = PBXTargetDependency;
			target = 14AF87DF2B2C1E8700A7F61F /* FirstApp */;
			targetProxy = 14AF88012B2C1E8800A7F61F /* PBXContainerItemProxy */;
		};
/* End PBXTargetDependency section */

/* Begin PBXVariantGroup section */
		14AF87E92B2C1E8700A7F61F /* Main.storyboard */ = {
			isa = PBXVariantGroup;
			children = (
				14AF87EA2B2C1E8700A7F61F /* Base */,
			);
			name = Main.storyboard;
			sourceTree = "<group>";
		};
		14AF87EE2B2C1E8800A7F61F /* LaunchScreen.storyboard */ = {
			isa = PBXVariantGroup;
			children = (
				14AF87EF2B2C1E8800A7F61F /* Base */,
			);
			name = LaunchScreen.storyboard;
			sourceTree = "<group>";
		};
/* End PBXVariantGroup section */

/* Begin XCBuildConfiguration section */
		14AF88082B2C1E8800A7F61F /* Debug */ = {
			isa = XCBuildConfiguration;
			buildSettings = {
				ALWAYS_SEARCH_USER_PATHS = NO;
				ASSETCATALOG_COMPILER_GENERATE_SWIFT_ASSET_SYMBOL_EXTENSIONS = YES;
				CLANG_ANALYZER_NONNULL = YES;
				CLANG_ANALYZER_NUMBER_OBJECT_CONVERSION = YES_AGGRESSIVE;
				CLANG_CXX_LANGUAGE_STANDARD = "gnu++20";
				CLANG_ENABLE_MODULES = YES;
				CLANG_ENABLE_OBJC_ARC = YES;
				CLANG_ENABLE_OBJC_WEAK = YES;
				CLANG_WARN_BLOCK_CAPTURE_AUTORELEASING = YES;
				CLANG_WARN_BOOL_CONVERSION = YES;
				CLANG_WARN_COMMA = YES;
				CLANG_WARN_CONSTANT_CONVERSION = YES;
				CLANG_WARN_DEPRECATED_OBJC_IMPLEMENTATIONS = YES;
				CLANG_WARN_DIRECT_OBJC_ISA_USAGE = YES_ERROR;
				CLANG_WARN_DOCUMENTATION_COMMENTS = YES;
				CLANG_WARN_EMPTY_BODY = YES;
				CLANG_WARN_ENUM_CONVERSION = YES;
				CLANG_WARN_INFINITE_RECURSION = YES;
				CLANG_WARN_INT_CONVERSION = YES;
				CLANG_WARN_NON_LITERAL_NULL_CONVERSION = YES;
				CLANG_WARN_OBJC_IMPLICIT_RETAIN_SELF = YES;
				CLANG_WARN_OBJC_LITERAL_CONVERSION = YES;
				CLANG_WARN_OBJC_ROOT_CLASS = YES_ERROR;
				CLANG_WARN_QUOTED_INCLUDE_IN_FRAMEWORK_HEADER = YES;
				CLANG_WARN_RANGE_LOOP_ANALYSIS = YES;
				CLANG_WARN_STRICT_PROTOTYPES = YES;
				CLANG_WARN_SUSPICIOUS_MOVE = YES;
				CLANG_WARN_UNGUARDED_AVAILABILITY = YES_AGGRESSIVE;
				CLANG_WARN_UNREACHABLE_CODE = YES;
				CLANG_WARN__DUPLICATE_METHOD_MATCH = YES;
				COPY_PHASE_STRIP = NO;
				DEBUG_INFORMATION_FORMAT = dwarf;
				ENABLE_STRICT_OBJC_MSGSEND = YES;
				ENABLE_TESTABILITY = YES;
				ENABLE_USER_SCRIPT_SANDBOXING = YES;
				GCC_C_LANGUAGE_STANDARD = gnu17;
				GCC_DYNAMIC_NO_PIC = NO;
				GCC_NO_COMMON_BLOCKS = YES;
				GCC_OPTIMIZATION_LEVEL = 0;
				GCC_PREPROCESSOR_DEFINITIONS = (
					"DEBUG=1",
					"$(inherited)",
				);
				GCC_WARN_64_TO_32_BIT_CONVERSION = YES;
				GCC_WARN_ABOUT_RETURN_TYPE = YES_ERROR;
				GCC_WARN_UNDECLARED_SELECTOR = YES;
				GCC_WARN_UNINITIALIZED_AUTOS = YES_AGGRESSIVE;
				GCC_WARN_UNUSED_FUNCTION = YES;
				GCC_WARN_UNUSED_VARIABLE = YES;
				IPHONEOS_DEPLOYMENT_TARGET = 17.2;
				LOCALIZATION_PREFERS_STRING_CATALOGS = YES;
				MTL_ENABLE_DEBUG_INFO = INCLUDE_SOURCE;
				MTL_FAST_MATH = YES;
				ONLY_ACTIVE_ARCH = YES;
				SDKROOT = iphoneos;
				SWIFT_ACTIVE_COMPILATION_CONDITIONS = "DEBUG $(inherited)";
				SWIFT_OPTIMIZATION_LEVEL = "-Onone";
			};
			name = Debug;
		};
		14AF88092B2C1E8800A7F61F /* Release */ = {
			isa = XCBuildConfiguration;
			buildSettings = {
				ALWAYS_SEARCH_USER_PATHS = NO;
				ASSETCATALOG_COMPILER_GENERATE_SWIFT_ASSET_SYMBOL_EXTENSIONS = YES;
				CLANG_ANALYZER_NONNULL = YES;
				CLANG_ANALYZER_NUMBER_OBJECT_CONVERSION = YES_AGGRESSIVE;
				CLANG_CXX_LANGUAGE_STANDARD = "gnu++20";
				CLANG_ENABLE_MODULES = YES;
				CLANG_ENABLE_OBJC_ARC = YES;
				CLANG_ENABLE_OBJC_WEAK = YES;
				CLANG_WARN_BLOCK_CAPTURE_AUTORELEASING = YES;
				CLANG_WARN_BOOL_CONVERSION = YES;
				CLANG_WARN_COMMA = YES;
				CLANG_WARN_CONSTANT_CONVERSION = YES;
				CLANG_WARN_DEPRECATED_OBJC_IMPLEMENTATIONS = YES;
				CLANG_WARN_DIRECT_OBJC_ISA_USAGE = YES_ERROR;
				CLANG_WARN_DOCUMENTATION_COMMENTS = YES;
				CLANG_WARN_EMPTY_BODY = YES;
				CLANG_WARN_ENUM_CONVERSION = YES;
				CLANG_WARN_INFINITE_RECURSION = YES;
				CLANG_WARN_INT_CONVERSION = YES;
				CLANG_WARN_NON_LITERAL_NULL_CONVERSION = YES;
				CLANG_WARN_OBJC_IMPLICIT_RETAIN_SELF = YES;
				CLANG_WARN_OBJC_LITERAL_CONVERSION = YES;
				CLANG_WARN_OBJC_ROOT_CLASS = YES_ERROR;
				CLANG_WARN_QUOTED_INCLUDE_IN_FRAMEWORK_HEADER = YES;
				CLANG_WARN_RANGE_LOOP_ANALYSIS = YES;
				CLANG_WARN_STRICT_PROTOTYPES = YES;
				CLANG_WARN_SUSPICIOUS_MOVE = YES;
				CLANG_WARN_UNGUARDED_AVAILABILITY = YES_AGGRESSIVE;
				CLANG_WARN_UNREACHABLE_CODE = YES;
				CLANG_WARN__DUPLICATE_METHOD_MATCH = YES;
				COPY_PHASE_STRIP = NO;
				DEBUG_INFORMATION_FORMAT = "dwarf-with-dsym";
				ENABLE_NS_ASSERTIONS = NO;
				ENABLE_STRICT_OBJC_MSGSEND = YES;
				ENABLE_USER_SCRIPT_SANDBOXING = YES;
				GCC_C_LANGUAGE_STANDARD = gnu17;
				GCC_NO_COMMON_BLOCKS = YES;
				GCC_WARN_64_TO_32_BIT_CONVERSION = YES;
				GCC_WARN_ABOUT_RETURN_TYPE = YES_ERROR;
				GCC_WARN_UNDECLARED_SELECTOR = YES;
				GCC_WARN_UNINITIALIZED_AUTOS = YES_AGGRESSIVE;
				GCC_WARN_UNUSED_FUNCTION = YES;
				GCC_WARN_UNUSED_VARIABLE = YES;
				IPHONEOS_DEPLOYMENT_TARGET = 17.2;
				LOCALIZATION_PREFERS_STRING_CATALOGS = YES;
				MTL_ENABLE_DEBUG_INFO = NO;
				MTL_FAST_MATH = YES;
				SDKROOT = iphoneos;
				SWIFT_COMPILATION_MODE = wholemodule;
				VALIDATE_PRODUCT = YES;
			};
			name = Release;
		};
		14AF880B2B2C1E8800A7F61F /* Debug */ = {
			isa = XCBuildConfiguration;
			buildSettings = {
				ASSETCATALOG_COMPILER_APPICON_NAME = AppIcon;
				ASSETCATALOG_COMPILER_GLOBAL_ACCENT_COLOR_NAME = AccentColor;
				CODE_SIGN_STYLE = Automatic;
				CURRENT_PROJECT_VERSION = 1;
				GENERATE_INFOPLIST_FILE = YES;
				INFOPLIST_FILE = FirstApp/Info.plist;
				INFOPLIST_KEY_UIApplicationSupportsIndirectInputEvents = YES;
				INFOPLIST_KEY_UILaunchStoryboardName = LaunchScreen;
				INFOPLIST_KEY_UIMainStoryboardFile = Main;
				INFOPLIST_KEY_UISupportedInterfaceOrientations_iPad = "UIInterfaceOrientationPortrait UIInterfaceOrientationPortraitUpsideDown UIInterfaceOrientationLandscapeLeft UIInterfaceOrientationLandscapeRight";
				INFOPLIST_KEY_UISupportedInterfaceOrientations_iPhone = "UIInterfaceOrientationPortrait UIInterfaceOrientationLandscapeLeft UIInterfaceOrientationLandscapeRight";
				LD_RUNPATH_SEARCH_PATHS = (
					"$(inherited)",
					"@executable_path/Frameworks",
				);
				MARKETING_VERSION = 1.0;
				PRODUCT_BUNDLE_IDENTIFIER = www.Vinay.FirstApp;
				PRODUCT_NAME = "$(TARGET_NAME)";
				SWIFT_EMIT_LOC_STRINGS = YES;
				SWIFT_VERSION = 5.0;
				TARGETED_DEVICE_FAMILY = "1,2";
			};
			name = Debug;
		};
		14AF880C2B2C1E8800A7F61F /* Release */ = {
			isa = XCBuildConfiguration;
			buildSettings = {
				ASSETCATALOG_COMPILER_APPICON_NAME = AppIcon;
				ASSETCATALOG_COMPILER_GLOBAL_ACCENT_COLOR_NAME = AccentColor;
				CODE_SIGN_STYLE = Automatic;
				CURRENT_PROJECT_VERSION = 1;
				GENERATE_INFOPLIST_FILE = YES;
				INFOPLIST_FILE = FirstApp/Info.plist;
				INFOPLIST_KEY_UIApplicationSupportsIndirectInputEvents = YES;
				INFOPLIST_KEY_UILaunchStoryboardName = LaunchScreen;
				INFOPLIST_KEY_UIMainStoryboardFile = Main;
				INFOPLIST_KEY_UISupportedInterfaceOrientations_iPad = "UIInterfaceOrientationPortrait UIInterfaceOrientationPortraitUpsideDown UIInterfaceOrientationLandscapeLeft UIInterfaceOrientationLandscapeRight";
				INFOPLIST_KEY_UISupportedInterfaceOrientations_iPhone = "UIInterfaceOrientationPortrait UIInterfaceOrientationLandscapeLeft UIInterfaceOrientationLandscapeRight";
				LD_RUNPATH_SEARCH_PATHS = (
					"$(inherited)",
					"@executable_path/Frameworks",
				);
				MARKETING_VERSION = 1.0;
				PRODUCT_BUNDLE_IDENTIFIER = www.Vinay.FirstApp;
				PRODUCT_NAME = "$(TARGET_NAME)";
				SWIFT_EMIT_LOC_STRINGS = YES;
				SWIFT_VERSION = 5.0;
				TARGETED_DEVICE_FAMILY = "1,2";
			};
			name = Release;
		};
		14AF880E2B2C1E8800A7F61F /* Debug */ = {
			isa = XCBuildConfiguration;
			buildSettings = {
				ALWAYS_EMBED_SWIFT_STANDARD_LIBRARIES = YES;
				BUNDLE_LOADER = "$(TEST_HOST)";
				CODE_SIGN_STYLE = Automatic;
				CURRENT_PROJECT_VERSION = 1;
				GENERATE_INFOPLIST_FILE = YES;
				IPHONEOS_DEPLOYMENT_TARGET = 17.2;
				MARKETING_VERSION = 1.0;
				PRODUCT_BUNDLE_IDENTIFIER = www.Vinay.FirstAppTests;
				PRODUCT_NAME = "$(TARGET_NAME)";
				SWIFT_EMIT_LOC_STRINGS = NO;
				SWIFT_VERSION = 5.0;
				TARGETED_DEVICE_FAMILY = "1,2";
				TEST_HOST = "$(BUILT_PRODUCTS_DIR)/FirstApp.app/$(BUNDLE_EXECUTABLE_FOLDER_PATH)/FirstApp";
			};
			name = Debug;
		};
		14AF880F2B2C1E8800A7F61F /* Release */ = {
			isa = XCBuildConfiguration;
			buildSettings = {
				ALWAYS_EMBED_SWIFT_STANDARD_LIBRARIES = YES;
				BUNDLE_LOADER = "$(TEST_HOST)";
				CODE_SIGN_STYLE = Automatic;
				CURRENT_PROJECT_VERSION = 1;
				GENERATE_INFOPLIST_FILE = YES;
				IPHONEOS_DEPLOYMENT_TARGET = 17.2;
				MARKETING_VERSION = 1.0;
				PRODUCT_BUNDLE_IDENTIFIER = www.Vinay.FirstAppTests;
				PRODUCT_NAME = "$(TARGET_NAME)";
				SWIFT_EMIT_LOC_STRINGS = NO;
				SWIFT_VERSION = 5.0;
				TARGETED_DEVICE_FAMILY = "1,2";
				TEST_HOST = "$(BUILT_PRODUCTS_DIR)/FirstApp.app/$(BUNDLE_EXECUTABLE_FOLDER_PATH)/FirstApp";
			};
			name = Release;
		};
		14AF88112B2C1E8800A7F61F /* Debug */ = {
			isa = XCBuildConfiguration;
			buildSettings = {
				ALWAYS_EMBED_SWIFT_STANDARD_LIBRARIES = YES;
				CODE_SIGN_STYLE = Automatic;
				CURRENT_PROJECT_VERSION = 1;
				GENERATE_INFOPLIST_FILE = YES;
				MARKETING_VERSION = 1.0;
				PRODUCT_BUNDLE_IDENTIFIER = www.Vinay.FirstAppUITests;
				PRODUCT_NAME = "$(TARGET_NAME)";
				SWIFT_EMIT_LOC_STRINGS = NO;
				SWIFT_VERSION = 5.0;
				TARGETED_DEVICE_FAMILY = "1,2";
				TEST_TARGET_NAME = FirstApp;
			};
			name = Debug;
		};
		14AF88122B2C1E8800A7F61F /* Release */ = {
			isa = XCBuildConfiguration;
			buildSettings = {
				ALWAYS_EMBED_SWIFT_STANDARD_LIBRARIES = YES;
				CODE_SIGN_STYLE = Automatic;
				CURRENT_PROJECT_VERSION = 1;
				GENERATE_INFOPLIST_FILE = YES;
				MARKETING_VERSION = 1.0;
				PRODUCT_BUNDLE_IDENTIFIER = www.Vinay.FirstAppUITests;
				PRODUCT_NAME = "$(TARGET_NAME)";
				SWIFT_EMIT_LOC_STRINGS = NO;
				SWIFT_VERSION = 5.0;
				TARGETED_DEVICE_FAMILY = "1,2";
				TEST_TARGET_NAME = FirstApp;
			};
			name = Release;
		};
/* End XCBuildConfiguration section */

/* Begin XCConfigurationList section */
		14AF87DB2B2C1E8700A7F61F /* Build configuration list for PBXProject "FirstApp" */ = {
			isa = XCConfigurationList;
			buildConfigurations = (
				14AF88082B2C1E8800A7F61F /* Debug */,
				14AF88092B2C1E8800A7F61F /* Release */,
			);
			defaultConfigurationIsVisible = 0;
			defaultConfigurationName = Release;
		};
		14AF880A2B2C1E8800A7F61F /* Build configuration list for PBXNativeTarget "FirstApp" */ = {
			isa = XCConfigurationList;
			buildConfigurations = (
				14AF880B2B2C1E8800A7F61F /* Debug */,
				14AF880C2B2C1E8800A7F61F /* Release */,
			);
			defaultConfigurationIsVisible = 0;
			defaultConfigurationName = Release;
		};
		14AF880D2B2C1E8800A7F61F /* Build configuration list for PBXNativeTarget "FirstAppTests" */ = {
			isa = XCConfigurationList;
			buildConfigurations = (
				14AF880E2B2C1E8800A7F61F /* Debug */,
				14AF880F2B2C1E8800A7F61F /* Release */,
			);
			defaultConfigurationIsVisible = 0;
			defaultConfigurationName = Release;
		};
		14AF88102B2C1E8800A7F61F /* Build configuration list for PBXNativeTarget "FirstAppUITests" */ = {
			isa = XCConfigurationList;
			buildConfigurations = (
				14AF88112B2C1E8800A7F61F /* Debug */,
				14AF88122B2C1E8800A7F61F /* Release */,
			);
			defaultConfigurationIsVisible = 0;
			defaultConfigurationName = Release;
		};
/* End XCConfigurationList section */
	};
	rootObject = 14AF87D82B2C1E8700A7F61F /* Project object */;
}
